
Microsoft Visual Studio Solution File, Format Version 12.00
# Visual Studio Version 17
VisualStudioVersion = 17.12.35527.113
MinimumVisualStudioVersion = 10.0.40219.1
Project("{FAE04EC0-301F-11D3-BF4B-00C04F79EFBC}") = "OrderManagementSystem.Presentation", "OrderManagementSystem\OrderManagementSystem.Presentation.csproj", "{D7B56C79-E0D5-42B6-93EF-C2EE78A76C58}"
EndProject
Project("{2150E333-8FDC-42A3-9474-1A3956D46DE8}") = "src", "src", "{050C7168-66B2-4998-B155-47F936BF9BD9}"
EndProject
Project("{2150E333-8FDC-42A3-9474-1A3956D46DE8}") = "tests", "tests", "{91B784DD-B697-473D-9C97-ED8B985D8DF9}"
EndProject
Project("{FAE04EC0-301F-11D3-BF4B-00C04F79EFBC}") = "OrderManagementSystem.Infrastructure", "OrderManagmentSystem.Infrastructure\OrderManagementSystem.Infrastructure.csproj", "{730E3F5F-2CE5-4537-AF54-6A197D391A53}"
EndProject
Project("{FAE04EC0-301F-11D3-BF4B-00C04F79EFBC}") = "OrderManagementSystem.Application", "OrderManagementSystem.Application\OrderManagementSystem.Application.csproj", "{BAE8B40A-87FF-404D-85D7-7D1DFDB410A2}"
EndProject
Project("{FAE04EC0-301F-11D3-BF4B-00C04F79EFBC}") = "OrderManagementSystem.Domain", "OrderManagementSystem.Domain\OrderManagementSystem.Domain.csproj", "{953F80BE-79E8-4973-AFF2-AB8CC64B5594}"
EndProject
Global
	GlobalSection(SolutionConfigurationPlatforms) = preSolution
		Debug|Any CPU = Debug|Any CPU
		Release|Any CPU = Release|Any CPU
	EndGlobalSection
	GlobalSection(ProjectConfigurationPlatforms) = postSolution
		{D7B56C79-E0D5-42B6-93EF-C2EE78A76C58}.Debug|Any CPU.ActiveCfg = Debug|Any CPU
		{D7B56C79-E0D5-42B6-93EF-C2EE78A76C58}.Debug|Any CPU.Build.0 = Debug|Any CPU
		{D7B56C79-E0D5-42B6-93EF-C2EE78A76C58}.Release|Any CPU.ActiveCfg = Release|Any CPU
		{D7B56C79-E0D5-42B6-93EF-C2EE78A76C58}.Release|Any CPU.Build.0 = Release|Any CPU
		{730E3F5F-2CE5-4537-AF54-6A197D391A53}.Debug|Any CPU.ActiveCfg = Debug|Any CPU
		{730E3F5F-2CE5-4537-AF54-6A197D391A53}.Debug|Any CPU.Build.0 = Debug|Any CPU
		{730E3F5F-2CE5-4537-AF54-6A197D391A53}.Release|Any CPU.ActiveCfg = Release|Any CPU
		{730E3F5F-2CE5-4537-AF54-6A197D391A53}.Release|Any CPU.Build.0 = Release|Any CPU
		{BAE8B40A-87FF-404D-85D7-7D1DFDB410A2}.Debug|Any CPU.ActiveCfg = Debug|Any CPU
		{BAE8B40A-87FF-404D-85D7-7D1DFDB410A2}.Debug|Any CPU.Build.0 = Debug|Any CPU
		{BAE8B40A-87FF-404D-85D7-7D1DFDB410A2}.Release|Any CPU.ActiveCfg = Release|Any CPU
		{BAE8B40A-87FF-404D-85D7-7D1DFDB410A2}.Release|Any CPU.Build.0 = Release|Any CPU
		{953F80BE-79E8-4973-AFF2-AB8CC64B5594}.Debug|Any CPU.ActiveCfg = Debug|Any CPU
		{953F80BE-79E8-4973-AFF2-AB8CC64B5594}.Debug|Any CPU.Build.0 = Debug|Any CPU
		{953F80BE-79E8-4973-AFF2-AB8CC64B5594}.Release|Any CPU.ActiveCfg = Release|Any CPU
		{953F80BE-79E8-4973-AFF2-AB8CC64B5594}.Release|Any CPU.Build.0 = Release|Any CPU
	EndGlobalSection
	GlobalSection(SolutionProperties) = preSolution
		HideSolutionNode = FALSE
	EndGlobalSection
	GlobalSection(NestedProjects) = preSolution
		{D7B56C79-E0D5-42B6-93EF-C2EE78A76C58} = {050C7168-66B2-4998-B155-47F936BF9BD9}
		{730E3F5F-2CE5-4537-AF54-6A197D391A53} = {050C7168-66B2-4998-B155-47F936BF9BD9}
		{BAE8B40A-87FF-404D-85D7-7D1DFDB410A2} = {050C7168-66B2-4998-B155-47F936BF9BD9}
		{953F80BE-79E8-4973-AFF2-AB8CC64B5594} = {050C7168-66B2-4998-B155-47F936BF9BD9}
	EndGlobalSection
EndGlobal
